
Microsoft Visual Studio Solution File, Format Version 12.00
# Visual Studio 15
VisualStudioVersion = 15.0.28010.2019
MinimumVisualStudioVersion = 10.0.40219.1
Project("{FAE04EC0-301F-11D3-BF4B-00C04F79EFBC}") = "JungleApp", "JungleApp\JungleApp.csproj", "{5BB4BBFD-B579-4DAC-84D5-B6B8D988DEE2}"
EndProject
Global
	GlobalSection(SolutionConfigurationPlatforms) = preSolution
		Debug|Any CPU = Debug|Any CPU
		Release|Any CPU = Release|Any CPU
	EndGlobalSection
	GlobalSection(ProjectConfigurationPlatforms) = postSolution
		{5BB4BBFD-B579-4DAC-84D5-B6B8D988DEE2}.Debug|Any CPU.ActiveCfg = Debug|Any CPU
		{5BB4BBFD-B579-4DAC-84D5-B6B8D988DEE2}.Debug|Any CPU.Build.0 = Debug|Any CPU
		{5BB4BBFD-B579-4DAC-84D5-B6B8D988DEE2}.Release|Any CPU.ActiveCfg = Release|Any CPU
		{5BB4BBFD-B579-4DAC-84D5-B6B8D988DEE2}.Release|Any CPU.Build.0 = Release|Any CPU
	EndGlobalSection
	GlobalSection(SolutionProperties) = preSolution
		HideSolutionNode = FALSE
	EndGlobalSection
	GlobalSection(ExtensibilityGlobals) = postSolution
		SolutionGuid = {E1E717C7-F37A-45AF-9D0B-763D232109CB}
	EndGlobalSection
EndGlobal
